
Microsoft Visual Studio Solution File, Format Version 12.00
# Visual Studio Version 16
VisualStudioVersion = 16.0.30011.22
MinimumVisualStudioVersion = 10.0.40219.1
Project("{9A19103F-16F7-4668-BE54-9A1E7A4F7556}") = "RoboWebApi", "RoboWebApi\RoboWebApi.csproj", "{6BEA8D68-EBA6-4A39-B74F-100C446F6144}"
EndProject
Project("{FAE04EC0-301F-11D3-BF4B-00C04F79EFBC}") = "RoboAplicacao", "RoboAplicacao\RoboAplicacao.csproj", "{3F539D27-7273-4304-8FBA-D1A3E0639C86}"
EndProject
Project("{FAE04EC0-301F-11D3-BF4B-00C04F79EFBC}") = "RoboWebApiTest", "RoboWebApiTest\RoboWebApiTest.csproj", "{0B57D061-FC75-463C-AC99-5DA0E0C6FBEE}"
EndProject
Global
	GlobalSection(SolutionConfigurationPlatforms) = preSolution
		Debug|Any CPU = Debug|Any CPU
		Release|Any CPU = Release|Any CPU
	EndGlobalSection
	GlobalSection(ProjectConfigurationPlatforms) = postSolution
		{6BEA8D68-EBA6-4A39-B74F-100C446F6144}.Debug|Any CPU.ActiveCfg = Debug|Any CPU
		{6BEA8D68-EBA6-4A39-B74F-100C446F6144}.Debug|Any CPU.Build.0 = Debug|Any CPU
		{6BEA8D68-EBA6-4A39-B74F-100C446F6144}.Release|Any CPU.ActiveCfg = Release|Any CPU
		{6BEA8D68-EBA6-4A39-B74F-100C446F6144}.Release|Any CPU.Build.0 = Release|Any CPU
		{3F539D27-7273-4304-8FBA-D1A3E0639C86}.Debug|Any CPU.ActiveCfg = Debug|Any CPU
		{3F539D27-7273-4304-8FBA-D1A3E0639C86}.Debug|Any CPU.Build.0 = Debug|Any CPU
		{3F539D27-7273-4304-8FBA-D1A3E0639C86}.Release|Any CPU.ActiveCfg = Release|Any CPU
		{3F539D27-7273-4304-8FBA-D1A3E0639C86}.Release|Any CPU.Build.0 = Release|Any CPU
		{0B57D061-FC75-463C-AC99-5DA0E0C6FBEE}.Debug|Any CPU.ActiveCfg = Debug|Any CPU
		{0B57D061-FC75-463C-AC99-5DA0E0C6FBEE}.Debug|Any CPU.Build.0 = Debug|Any CPU
		{0B57D061-FC75-463C-AC99-5DA0E0C6FBEE}.Release|Any CPU.ActiveCfg = Release|Any CPU
		{0B57D061-FC75-463C-AC99-5DA0E0C6FBEE}.Release|Any CPU.Build.0 = Release|Any CPU
	EndGlobalSection
	GlobalSection(SolutionProperties) = preSolution
		HideSolutionNode = FALSE
	EndGlobalSection
	GlobalSection(ExtensibilityGlobals) = postSolution
		SolutionGuid = {F25BDFDA-BA55-4BE9-90F1-0144B533AA78}
	EndGlobalSection
EndGlobal
